
Microsoft Visual Studio Solution File, Format Version 12.00
# Visual Studio Version 16
VisualStudioVersion = 16.0.31205.134
MinimumVisualStudioVersion = 10.0.40219.1
Project("{FAE04EC0-301F-11D3-BF4B-00C04F79EFBC}") = "RazorPagesTurtle5", "RazorPagesTurtle5\RazorPagesTurtle5.csproj", "{7596C6B6-4788-4D61-91CB-CB3824A89B9D}"
EndProject
Global
	GlobalSection(SolutionConfigurationPlatforms) = preSolution
		Debug|Any CPU = Debug|Any CPU
		Release|Any CPU = Release|Any CPU
	EndGlobalSection
	GlobalSection(ProjectConfigurationPlatforms) = postSolution
		{7596C6B6-4788-4D61-91CB-CB3824A89B9D}.Debug|Any CPU.ActiveCfg = Debug|Any CPU
		{7596C6B6-4788-4D61-91CB-CB3824A89B9D}.Debug|Any CPU.Build.0 = Debug|Any CPU
		{7596C6B6-4788-4D61-91CB-CB3824A89B9D}.Release|Any CPU.ActiveCfg = Release|Any CPU
		{7596C6B6-4788-4D61-91CB-CB3824A89B9D}.Release|Any CPU.Build.0 = Release|Any CPU
	EndGlobalSection
	GlobalSection(SolutionProperties) = preSolution
		HideSolutionNode = FALSE
	EndGlobalSection
	GlobalSection(ExtensibilityGlobals) = postSolution
		SolutionGuid = {75AE4B31-0B2D-473C-B36E-B4C98F22BFBA}
	EndGlobalSection
EndGlobal
